{
  "name": "openai-oauth-ai-provider",
  "version": "0.1.0",
  "lockfileVersion": 3,
  "requires": true,
  "packages": {
    "": {
      "name": "openai-oauth-ai-provider",
      "version": "0.1.0",
      "license": "MIT",
      "devDependencies": {
        "@ai-sdk/openai": "4.0.11",
        "@ai-sdk/provider": "^4.0.3",
        "@biomejs/biome": "^2.5.3",
        "@tanstack/ai": "^0.40.0",
        "@tanstack/ai-openai": "0.16.0",
        "@types/node": "^24.0.0",
        "ai": "^7.0.20",
        "typescript": "^5.9.0"
      },
      "engines": {
        "node": ">=22.18"
      },
      "peerDependencies": {
        "@ai-sdk/openai": "4.0.11",
        "@ai-sdk/provider": "4.0.3",
        "@tanstack/ai": "0.40.0",
        "@tanstack/ai-openai": "0.16.0"
      },
      "peerDependenciesMeta": {
        "@ai-sdk/openai": {
          "optional": true
        },
        "@ai-sdk/provider": {
          "optional": true
        },
        "@tanstack/ai": {
          "optional": true
        },
        "@tanstack/ai-openai": {
          "optional": true
        }
      }
    },
    "node_modules/@ag-ui/core": {
      "version": "0.0.52",
      "resolved": "https://registry.npmjs.org/@ag-ui/core/-/core-0.0.52.tgz",
      "integrity": "sha512-Xo0bUaNV56EqylzcrAuhUkQX7et7+SZIrqZZtEByGwEq/I1EHny6ZMkWHLkKR7UNi0FJZwJyhKYmKJS3B2SEgA==",
      "dev": true,
      "dependencies": {
        "zod": "^3.22.4"
      }
    },
    "node_modules/@ag-ui/core/node_modules/zod": {
      "version": "3.25.76",
      "resolved": "https://registry.npmjs.org/zod/-/zod-3.25.76.tgz",
      "integrity": "sha512-gzUt/qt81nXsFGKIFcC3YnfEAx5NkunCfnDlvuBSSFS02bcXu4Lmea0AFIUwbLWxWPx3d9p8S5QoaujKcNQxcQ==",
      "dev": true,
      "license": "MIT",
      "funding": {
        "url": "https://github.com/sponsors/colinhacks"
      }
    },
    "node_modules/@ai-sdk/gateway": {
      "version": "4.0.16",
      "resolved": "https://registry.npmjs.org/@ai-sdk/gateway/-/gateway-4.0.16.tgz",
      "integrity": "sha512-9iYxdOLquoOFk5e+02P9qfBIA+EJU0FNJvyjGxi4iXJabt2+GlbaCg7TX0sTtxOsBVkdabkatqWM6+kvp53tBg==",
      "dev": true,
      "license": "Apache-2.0",
      "dependencies": {
        "@ai-sdk/provider": "4.0.3",
        "@ai-sdk/provider-utils": "5.0.7",
        "@vercel/oidc": "3.2.0"
      },
      "engines": {
        "node": ">=22"
      },
      "peerDependencies": {
        "zod": "^3.25.76 || ^4.1.8"
      }
    },
    "node_modules/@ai-sdk/openai": {
      "version": "4.0.11",
      "resolved": "https://registry.npmjs.org/@ai-sdk/openai/-/openai-4.0.11.tgz",
      "integrity": "sha512-2PLnVPBsdJusgquPVYgPWd3ox4lbUFkp7DVUSmM0lQ4VISQoNxdgo6TvFAHgwQn9wJ/ckVYVRLU7+BvHc7T8ww==",
      "dev": true,
      "license": "Apache-2.0",
      "dependencies": {
        "@ai-sdk/provider": "4.0.3",
        "@ai-sdk/provider-utils": "5.0.7"
      },
      "engines": {
        "node": ">=22"
      },
      "peerDependencies": {
        "zod": "^3.25.76 || ^4.1.8"
      }
    },
    "node_modules/@ai-sdk/provider": {
      "version": "4.0.3",
      "resolved": "https://registry.npmjs.org/@ai-sdk/provider/-/provider-4.0.3.tgz",
      "integrity": "sha512-e0CpNWJUY7OxAFAnCZkw+ri9QOHWwTs1tXP42782KFGCU07qt8NiXCrCVowyCB5dP2r5/Uls+g2oPd8kOJn9dw==",
      "dev": true,
      "license": "Apache-2.0",
      "dependencies": {
        "json-schema": "^0.4.0"
      },
      "engines": {
        "node": ">=22"
      }
    },
    "node_modules/@ai-sdk/provider-utils": {
      "version": "5.0.7",
      "resolved": "https://registry.npmjs.org/@ai-sdk/provider-utils/-/provider-utils-5.0.7.tgz",
      "integrity": "sha512-OSm5/5kdrHa11WIOo5LYgDKnxYWp5aB/wx5EXRHi0jpUGduMDeB6oht9U6p+UNNWIP3F/EqPpV8d7vdP/iRnqg==",
      "dev": true,
      "license": "Apache-2.0",
      "dependencies": {
        "@ai-sdk/provider": "4.0.3",
        "@standard-schema/spec": "^1.1.0",
        "@workflow/serde": "4.1.0",
        "eventsource-parser": "^3.0.8"
      },
      "engines": {
        "node": ">=22"
      },
      "peerDependencies": {
        "zod": "^3.25.76 || ^4.1.8"
      }
    },
    "node_modules/@biomejs/biome": {
      "version": "2.5.3",
      "resolved": "https://registry.npmjs.org/@biomejs/biome/-/biome-2.5.3.tgz",
      "integrity": "sha512-MrJswFdei9EfDwwUy2tQrPDpK0AO+RmMFvBoaaJ6ayBc3sUbHdCE+XG5N8vp+5So41ZupZJQm0roHFFhMGVD7A==",
      "dev": true,
      "license": "MIT OR Apache-2.0",
      "bin": {
        "biome": "bin/biome"
      },
      "engines": {
        "node": ">=14.21.3"
      },
      "funding": {
        "type": "opencollective",
        "url": "https://opencollective.com/biome"
      },
      "optionalDependencies": {
        "@biomejs/cli-darwin-arm64": "2.5.3",
        "@biomejs/cli-darwin-x64": "2.5.3",
        "@biomejs/cli-linux-arm64": "2.5.3",
        "@biomejs/cli-linux-arm64-musl": "2.5.3",
        "@biomejs/cli-linux-x64": "2.5.3",
        "@biomejs/cli-linux-x64-musl": "2.5.3",
        "@biomejs/cli-win32-arm64": "2.5.3",
        "@biomejs/cli-win32-x64": "2.5.3"
      }
    },
    "node_modules/@biomejs/cli-darwin-arm64": {
      "version": "2.5.3",
      "resolved": "https://registry.npmjs.org/@biomejs/cli-darwin-arm64/-/cli-darwin-arm64-2.5.3.tgz",
      "integrity": "sha512-QhYP9muVQ0nUO5zztFuPbEwi4+94sJWVjaZds9aMi1l/KNZBiUjdiSUrGHsTaMGDXrYl+r4AS2sUKfgH3w+V3g==",
      "cpu": [
        "arm64"
      ],
      "dev": true,
      "license": "MIT OR Apache-2.0",
      "optional": true,
      "os": [
        "darwin"
      ],
      "engines": {
        "node": ">=14.21.3"
      }
    },
    "node_modules/@biomejs/cli-darwin-x64": {
      "version": "2.5.3",
      "resolved": "https://registry.npmjs.org/@biomejs/cli-darwin-x64/-/cli-darwin-x64-2.5.3.tgz",
      "integrity": "sha512-NC1Ss13UaW7QZX+y8j44bF7AP0jSJdBl6iRhe0MAkvaSqZy+mWg3GaXsrb+eSoHoGDBtaXWEbMVV0iVN2cZ7cQ==",
      "cpu": [
        "x64"
      ],
      "dev": true,
      "license": "MIT OR Apache-2.0",
      "optional": true,
      "os": [
        "darwin"
      ],
      "engines": {
        "node": ">=14.21.3"
      }
    },
    "node_modules/@biomejs/cli-linux-arm64": {
      "version": "2.5.3",
      "resolved": "https://registry.npmjs.org/@biomejs/cli-linux-arm64/-/cli-linux-arm64-2.5.3.tgz",
      "integrity": "sha512-ksx1KWeyYW18ILL04msF/J4ZBtBDN33znYK8Z/aNv/vlBVxL9/g3mGP+omgHJKy4+KWbK87vcmmpmurfNjSgiA==",
      "cpu": [
        "arm64"
      ],
      "dev": true,
      "libc": [
        "glibc"
      ],
      "license": "MIT OR Apache-2.0",
      "optional": true,
      "os": [
        "linux"
      ],
      "engines": {
        "node": ">=14.21.3"
      }
    },
    "node_modules/@biomejs/cli-linux-arm64-musl": {
      "version": "2.5.3",
      "resolved": "https://registry.npmjs.org/@biomejs/cli-linux-arm64-musl/-/cli-linux-arm64-musl-2.5.3.tgz",
      "integrity": "sha512-fccix0w6xp6csCXgxeC0dU/3ecgRQal0y+cv2SP9ajNlhe7Yrk2Ug7UDe2j9AT9ZDYitkXpvUKgZjjuoYeP4Vg==",
      "cpu": [
        "arm64"
      ],
      "dev": true,
      "libc": [
        "musl"
      ],
      "license": "MIT OR Apache-2.0",
      "optional": true,
      "os": [
        "linux"
      ],
      "engines": {
        "node": ">=14.21.3"
      }
    },
    "node_modules/@biomejs/cli-linux-x64": {
      "version": "2.5.3",
      "resolved": "https://registry.npmjs.org/@biomejs/cli-linux-x64/-/cli-linux-x64-2.5.3.tgz",
      "integrity": "sha512-yMkJtilsgvILDcVkh187aVLTb64xYsrxYajx5kym+r1ULkO5HUOfu9AYKLGQbOVLwJtT2utNw7hhFNg+17mUYA==",
      "cpu": [
        "x64"
      ],
      "dev": true,
      "libc": [
        "glibc"
      ],
      "license": "MIT OR Apache-2.0",
      "optional": true,
      "os": [
        "linux"
      ],
      "engines": {
        "node": ">=14.21.3"
      }
    },
    "node_modules/@biomejs/cli-linux-x64-musl": {
      "version": "2.5.3",
      "resolved": "https://registry.npmjs.org/@biomejs/cli-linux-x64-musl/-/cli-linux-x64-musl-2.5.3.tgz",
      "integrity": "sha512-O/yU9YKRUiHhmcjF2f38PSjseVk3G4VLWYc0G2HWpzdBVREV6G8IGWIVEFf7MFPfWIzNUIvPsEjeAZQIOgnLcQ==",
      "cpu": [
        "x64"
      ],
      "dev": true,
      "libc": [
        "musl"
      ],
      "license": "MIT OR Apache-2.0",
      "optional": true,
      "os": [
        "linux"
      ],
      "engines": {
        "node": ">=14.21.3"
      }
    },
    "node_modules/@biomejs/cli-win32-arm64": {
      "version": "2.5.3",
      "resolved": "https://registry.npmjs.org/@biomejs/cli-win32-arm64/-/cli-win32-arm64-2.5.3.tgz",
      "integrity": "sha512-cX5z+GYwRcqEok0AH3KSfQGgqYd0Nomfp6Fbe1uiTtELE38hdH2k842wQ9wLNaF/JJ7r4rjJQ4VR+ce+fRmQbw==",
      "cpu": [
        "arm64"
      ],
      "dev": true,
      "license": "MIT OR Apache-2.0",
      "optional": true,
      "os": [
        "win32"
      ],
      "engines": {
        "node": ">=14.21.3"
      }
    },
    "node_modules/@biomejs/cli-win32-x64": {
      "version": "2.5.3",
      "resolved": "https://registry.npmjs.org/@biomejs/cli-win32-x64/-/cli-win32-x64-2.5.3.tgz",
      "integrity": "sha512-ExSaJWi4/u6+GXCszlSKpWSjKNbDseAYqqkCznsCsZ/4uidZ/BEqsCc5/3ctlq6dfIubdIIRSVLC/PG9xPl70Q==",
      "cpu": [
        "x64"
      ],
      "dev": true,
      "license": "MIT OR Apache-2.0",
      "optional": true,
      "os": [
        "win32"
      ],
      "engines": {
        "node": ">=14.21.3"
      }
    },
    "node_modules/@standard-schema/spec": {
      "version": "1.1.0",
      "resolved": "https://registry.npmjs.org/@standard-schema/spec/-/spec-1.1.0.tgz",
      "integrity": "sha512-l2aFy5jALhniG5HgqrD6jXLi/rUWrKvqN/qJx6yoJsgKhblVd+iqqU4RCXavm/jPityDo5TCvKMnpjKnOriy0w==",
      "dev": true,
      "license": "MIT"
    },
    "node_modules/@tanstack/ai": {
      "version": "0.40.0",
      "resolved": "https://registry.npmjs.org/@tanstack/ai/-/ai-0.40.0.tgz",
      "integrity": "sha512-7942RQkjHccHRL9lTuqAjcgt5z+281HJEvWSSEIX9ZDgntSj5Xt9cOK8SL5tXtGrjj2ZpGnzaFdog5lE4QD07A==",
      "dev": true,
      "license": "MIT",
      "dependencies": {
        "@ag-ui/core": "^0.0.52",
        "@standard-schema/spec": "^1.1.0",
        "@tanstack/ai-event-client": "0.6.8",
        "@tanstack/ai-utils": "0.3.1",
        "partial-json": "^0.1.7"
      },
      "engines": {
        "node": ">=18"
      },
      "funding": {
        "type": "github",
        "url": "https://github.com/sponsors/tannerlinsley"
      },
      "peerDependencies": {
        "@opentelemetry/api": ">=1.9.0"
      },
      "peerDependenciesMeta": {
        "@opentelemetry/api": {
          "optional": true
        }
      }
    },
    "node_modules/@tanstack/ai-event-client": {
      "version": "0.6.8",
      "resolved": "https://registry.npmjs.org/@tanstack/ai-event-client/-/ai-event-client-0.6.8.tgz",
      "integrity": "sha512-h7/HLz9u2LF9ba6uKFMnSZkFlkzQONJ5u3Hi+4qGxpsHyvcGRtW6v186jaFLoklndhEwyC49ytkC4eafi7Qq8w==",
      "dev": true,
      "license": "MIT",
      "dependencies": {
        "@tanstack/devtools-event-client": "^0.4.1"
      },
      "funding": {
        "type": "github",
        "url": "https://github.com/sponsors/tannerlinsley"
      }
    },
    "node_modules/@tanstack/ai-openai": {
      "version": "0.16.0",
      "resolved": "https://registry.npmjs.org/@tanstack/ai-openai/-/ai-openai-0.16.0.tgz",
      "integrity": "sha512-IB02HKOdBLva+5/9VaiLTvQxVIwksQthLqn5G9xWCfQRBekCTXFHyBj+YpmJ5axuL85zoqKUAw0PBVoRwUJi3Q==",
      "dev": true,
      "license": "MIT",
      "dependencies": {
        "@tanstack/ai-utils": "0.3.1",
        "@tanstack/openai-base": "0.9.7",
        "openai": "^6.41.0"
      },
      "funding": {
        "type": "github",
        "url": "https://github.com/sponsors/tannerlinsley"
      },
      "peerDependencies": {
        "@tanstack/ai": "^0.40.0",
        "zod": "^4.0.0"
      }
    },
    "node_modules/@tanstack/ai-utils": {
      "version": "0.3.1",
      "resolved": "https://registry.npmjs.org/@tanstack/ai-utils/-/ai-utils-0.3.1.tgz",
      "integrity": "sha512-fgbjd5DohL3k5rTWr/KInauLVYMiHVm0cnmTsNrzL3cr4wWhEld5vmFSrjiwUWACAuONjZa+uBXuS+ZSO8fwDQ==",
      "dev": true,
      "license": "MIT",
      "funding": {
        "type": "github",
        "url": "https://github.com/sponsors/tannerlinsley"
      }
    },
    "node_modules/@tanstack/devtools-event-client": {
      "version": "0.4.4",
      "resolved": "https://registry.npmjs.org/@tanstack/devtools-event-client/-/devtools-event-client-0.4.4.tgz",
      "integrity": "sha512-6T5Yop/793YI+H+5J8Hsyj4kCih9sl4t3ElLgKioW5hk3ocn+ZdSJ94tT7vL7uabxSugWYBZlOTMPzEw2puvQw==",
      "dev": true,
      "license": "MIT",
      "bin": {
        "intent": "bin/intent.js"
      },
      "engines": {
        "node": ">=18"
      },
      "funding": {
        "type": "github",
        "url": "https://github.com/sponsors/tannerlinsley"
      }
    },
    "node_modules/@tanstack/openai-base": {
      "version": "0.9.7",
      "resolved": "https://registry.npmjs.org/@tanstack/openai-base/-/openai-base-0.9.7.tgz",
      "integrity": "sha512-Bfla4zR0RNF3htTgzLMhfs5bbyqdXLZunXBRWdzghki9+jw2upuiKfHxgc8eAe3X+/mFP84KQSMEfKZxW98oBQ==",
      "dev": true,
      "license": "MIT",
      "dependencies": {
        "@tanstack/ai-utils": "0.3.1",
        "openai": "^6.41.0"
      },
      "funding": {
        "type": "github",
        "url": "https://github.com/sponsors/tannerlinsley"
      },
      "peerDependencies": {
        "@tanstack/ai": "^0.40.0"
      }
    },
    "node_modules/@types/node": {
      "version": "24.13.3",
      "resolved": "https://registry.npmjs.org/@types/node/-/node-24.13.3.tgz",
      "integrity": "sha512-Dh8vAsV36ig5wa9OX4pXvMc9D3Veibfw2wix0CUwYODLD8nkj9UsLjASr49nPg+2eKzxhBV+v7L8pXvT4e639Q==",
      "dev": true,
      "license": "MIT",
      "dependencies": {
        "undici-types": "~7.18.0"
      }
    },
    "node_modules/@vercel/oidc": {
      "version": "3.2.0",
      "resolved": "https://registry.npmjs.org/@vercel/oidc/-/oidc-3.2.0.tgz",
      "integrity": "sha512-UycprH3T6n3jH0k44NHMa7pnFHGu/N05MjojYr+Mc6I7obkoLIJujSWwin1pCvdy/eOxrI/l3uDLQsmcrOb4ug==",
      "dev": true,
      "license": "Apache-2.0",
      "engines": {
        "node": ">= 20"
      }
    },
    "node_modules/@workflow/serde": {
      "version": "4.1.0",
      "resolved": "https://registry.npmjs.org/@workflow/serde/-/serde-4.1.0.tgz",
      "integrity": "sha512-pav4F2BoirECWR7Nf1TKt+2eETcBj7jj4cBefQ8VXQCA6NPkaKeLfj/zMgi+3zYV5ZIBT4GuUiphsj0/b9hPQQ==",
      "dev": true,
      "license": "Apache-2.0"
    },
    "node_modules/ai": {
      "version": "7.0.22",
      "resolved": "https://registry.npmjs.org/ai/-/ai-7.0.22.tgz",
      "integrity": "sha512-iAXYwQtR18qN7GXwNmGVAQM4uSJOh2+nZ5RP9NtDXfH5d4tlYyYzAM133O3U+eVcyWrvNRzecN9yW58xpCdfMg==",
      "dev": true,
      "license": "Apache-2.0",
      "dependencies": {
        "@ai-sdk/gateway": "4.0.16",
        "@ai-sdk/provider": "4.0.3",
        "@ai-sdk/provider-utils": "5.0.7"
      },
      "engines": {
        "node": ">=22"
      },
      "peerDependencies": {
        "zod": "^3.25.76 || ^4.1.8"
      }
    },
    "node_modules/eventsource-parser": {
      "version": "3.1.0",
      "resolved": "https://registry.npmjs.org/eventsource-parser/-/eventsource-parser-3.1.0.tgz",
      "integrity": "sha512-kJezFj9YFAMLeORyi7aCLxLbD5/qWMQnoMVlVPyHIll7lgRJCc3JVln9Vgl9nwQi0YkMnhdGTMNn7CkRRAptMg==",
      "dev": true,
      "license": "MIT",
      "engines": {
        "node": ">=18.0.0"
      }
    },
    "node_modules/json-schema": {
      "version": "0.4.0",
      "resolved": "https://registry.npmjs.org/json-schema/-/json-schema-0.4.0.tgz",
      "integrity": "sha512-es94M3nTIfsEPisRafak+HDLfHXnKBhV3vU5eqPcS3flIWqcxJWgXHXiey3YrpaNsanY5ei1VoYEbOzijuq9BA==",
      "dev": true,
      "license": "(AFL-2.1 OR BSD-3-Clause)"
    },
    "node_modules/openai": {
      "version": "6.46.0",
      "resolved": "https://registry.npmjs.org/openai/-/openai-6.46.0.tgz",
      "integrity": "sha512-DFg6jEPT2RO+oAyXtddeUJU8zkGy1OQ1AjGzNIJUMQG03TTqvCpy9tBpQ+2VVVnvrl3E56F8GEin2JYtWpITtA==",
      "dev": true,
      "license": "Apache-2.0",
      "peerDependencies": {
        "@aws-sdk/credential-provider-node": ">=3.972.0 <4",
        "@smithy/hash-node": ">=4.3.0 <5",
        "@smithy/signature-v4": ">=5.4.0 <6",
        "ws": "^8.18.0",
        "zod": "^3.25 || ^4.0"
      },
      "peerDependenciesMeta": {
        "@aws-sdk/credential-provider-node": {
          "optional": true
        },
        "@smithy/hash-node": {
          "optional": true
        },
        "@smithy/signature-v4": {
          "optional": true
        },
        "ws": {
          "optional": true
        },
        "zod": {
          "optional": true
        }
      }
    },
    "node_modules/partial-json": {
      "version": "0.1.7",
      "resolved": "https://registry.npmjs.org/partial-json/-/partial-json-0.1.7.tgz",
      "integrity": "sha512-Njv/59hHaokb/hRUjce3Hdv12wd60MtM9Z5Olmn+nehe0QDAsRtRbJPvJ0Z91TusF0SuZRIvnM+S4l6EIP8leA==",
      "dev": true,
      "license": "MIT"
    },
    "node_modules/typescript": {
      "version": "5.9.3",
      "resolved": "https://registry.npmjs.org/typescript/-/typescript-5.9.3.tgz",
      "integrity": "sha512-jl1vZzPDinLr9eUt3J/t7V6FgNEw9QjvBPdysz9KfQDD41fQrC2Y4vKQdiaUpFT4bXlb1RHhLpp8wtm6M5TgSw==",
      "dev": true,
      "license": "Apache-2.0",
      "bin": {
        "tsc": "bin/tsc",
        "tsserver": "bin/tsserver"
      },
      "engines": {
        "node": ">=14.17"
      }
    },
    "node_modules/undici-types": {
      "version": "7.18.2",
      "resolved": "https://registry.npmjs.org/undici-types/-/undici-types-7.18.2.tgz",
      "integrity": "sha512-AsuCzffGHJybSaRrmr5eHr81mwJU3kjw6M+uprWvCXiNeN9SOGwQ3Jn8jb8m3Z6izVgknn1R0FTCEAP2QrLY/w==",
      "dev": true,
      "license": "MIT"
    },
    "node_modules/zod": {
      "version": "4.4.3",
      "resolved": "https://registry.npmjs.org/zod/-/zod-4.4.3.tgz",
      "integrity": "sha512-ytENFjIJFl2UwYglde2jchW2Hwm4GJFLDiSXWdTrJQBIN9Fcyp7n4DhxJEiWNAJMV1/BqWfW/kkg71UDcHJyTQ==",
      "dev": true,
      "license": "MIT",
      "peer": true,
      "funding": {
        "url": "https://github.com/sponsors/colinhacks"
      }
    }
  }
}
